
Microsoft Visual Studio Solution File, Format Version 12.00
# Visual Studio Version 17
VisualStudioVersion = 17.3.32901.215
MinimumVisualStudioVersion = 10.0.40219.1
Project("{FAE04EC0-301F-11D3-BF4B-00C04F79EFBC}") = "Practica 1 Tema 3 RMB-2324", "Practica 1 Tema 3 RMB-2324\Practica 1 Tema 3 RMB-2324.csproj", "{90B979C7-EB0A-43C2-A1A1-953041CF9334}"
EndProject
Global
	GlobalSection(SolutionConfigurationPlatforms) = preSolution
		Debug|Any CPU = Debug|Any CPU
		Release|Any CPU = Release|Any CPU
	EndGlobalSection
	GlobalSection(ProjectConfigurationPlatforms) = postSolution
		{90B979C7-EB0A-43C2-A1A1-953041CF9334}.Debug|Any CPU.ActiveCfg = Debug|Any CPU
		{90B979C7-EB0A-43C2-A1A1-953041CF9334}.Debug|Any CPU.Build.0 = Debug|Any CPU
		{90B979C7-EB0A-43C2-A1A1-953041CF9334}.Release|Any CPU.ActiveCfg = Release|Any CPU
		{90B979C7-EB0A-43C2-A1A1-953041CF9334}.Release|Any CPU.Build.0 = Release|Any CPU
	EndGlobalSection
	GlobalSection(SolutionProperties) = preSolution
		HideSolutionNode = FALSE
	EndGlobalSection
	GlobalSection(ExtensibilityGlobals) = postSolution
		SolutionGuid = {630EACED-5BC1-44BD-A975-AAC2248AF343}
	EndGlobalSection
EndGlobal
